schema: '2.0'
stages:
  load_data:
    cmd: python src/load_data.py --config=params.yaml
    deps:
    - path: data_given/winequality.csv
      md5: ccc8d3507eb151f53f760d36abdef888
      size: 91998
    - path: src/get_data.py
      md5: 9a8991c90aa12978fbfd529faea92543
      size: 679
    - path: src/load_data.py
      md5: b4fe88c940af54049ee1e6fcbb33bbd1
      size: 652
    outs:
    - path: data/raw/winequality.csv
      md5: d98e8f2eca228c11c4de1cc96866a54d
      size: 93598
  split_data:
    cmd: python src/split_data.py --config=params.yaml
    deps:
    - path: data/raw/winequality.csv
      md5: d98e8f2eca228c11c4de1cc96866a54d
      size: 93598
    - path: src/split_data.py
      md5: 77fed95f77112843c935dffd68655ab8
      size: 1057
    outs:
    - path: data/processed/test_winequality.csv
      md5: 1ecde20d48de598c81add4fe85bd5f97
      size: 18902
    - path: data/processed/train_winequality.csv
      md5: 726c38770260464f5596b54ee65ba1e1
      size: 74842
